
Microsoft Visual Studio Solution File, Format Version 12.00
# Visual Studio Version 17
VisualStudioVersion = 17.9.34622.214
MinimumVisualStudioVersion = 10.0.40219.1
Project("{2150E333-8FDC-42A3-9474-1A3956D46DE8}") = "Examples", "Examples", "{60286191-4029-4209-B174-836D109F2C6D}"
EndProject
Project("{FAE04EC0-301F-11D3-BF4B-00C04F79EFBC}") = "SuperMarioBros", "Examples\SuperMarioBros\SuperMarioBros.csproj", "{B1CD8986-D175-4FA2-AC6D-EDF3745BE449}"
EndProject
Project("{FAE04EC0-301F-11D3-BF4B-00C04F79EFBC}") = "Engine", "Engine\Engine.csproj", "{6EC729E5-79BD-4F56-B3D5-13C4A75F28F4}"
EndProject
Global
	GlobalSection(SolutionConfigurationPlatforms) = preSolution
		Debug|Any CPU = Debug|Any CPU
		Release|Any CPU = Release|Any CPU
	EndGlobalSection
	GlobalSection(ProjectConfigurationPlatforms) = postSolution
		{B1CD8986-D175-4FA2-AC6D-EDF3745BE449}.Debug|Any CPU.ActiveCfg = Debug|Any CPU
		{B1CD8986-D175-4FA2-AC6D-EDF3745BE449}.Debug|Any CPU.Build.0 = Debug|Any CPU
		{B1CD8986-D175-4FA2-AC6D-EDF3745BE449}.Release|Any CPU.ActiveCfg = Release|Any CPU
		{B1CD8986-D175-4FA2-AC6D-EDF3745BE449}.Release|Any CPU.Build.0 = Release|Any CPU
		{6EC729E5-79BD-4F56-B3D5-13C4A75F28F4}.Debug|Any CPU.ActiveCfg = Debug|Any CPU
		{6EC729E5-79BD-4F56-B3D5-13C4A75F28F4}.Debug|Any CPU.Build.0 = Debug|Any CPU
		{6EC729E5-79BD-4F56-B3D5-13C4A75F28F4}.Release|Any CPU.ActiveCfg = Release|Any CPU
		{6EC729E5-79BD-4F56-B3D5-13C4A75F28F4}.Release|Any CPU.Build.0 = Release|Any CPU
	EndGlobalSection
	GlobalSection(SolutionProperties) = preSolution
		HideSolutionNode = FALSE
	EndGlobalSection
	GlobalSection(NestedProjects) = preSolution
		{B1CD8986-D175-4FA2-AC6D-EDF3745BE449} = {60286191-4029-4209-B174-836D109F2C6D}
	EndGlobalSection
	GlobalSection(ExtensibilityGlobals) = postSolution
		SolutionGuid = {39B560C9-46F2-4BAB-B563-197759E1CA14}
	EndGlobalSection
EndGlobal
